
Microsoft Visual Studio Solution File, Format Version 12.00
# Visual Studio 14
VisualStudioVersion = 14.0.25420.1
MinimumVisualStudioVersion = 10.0.40219.1
Project("{FAE04EC0-301F-11D3-BF4B-00C04F79EFBC}") = "AJAXDemo", "AJAXDemo\AJAXDemo.csproj", "{BD42B877-403C-4C92-A997-7CF76D07EC97}"
EndProject
Global
	GlobalSection(SolutionConfigurationPlatforms) = preSolution
		Debug|Any CPU = Debug|Any CPU
		Release|Any CPU = Release|Any CPU
	EndGlobalSection
	GlobalSection(ProjectConfigurationPlatforms) = postSolution
		{BD42B877-403C-4C92-A997-7CF76D07EC97}.Debug|Any CPU.ActiveCfg = Debug|Any CPU
		{BD42B877-403C-4C92-A997-7CF76D07EC97}.Debug|Any CPU.Build.0 = Debug|Any CPU
		{BD42B877-403C-4C92-A997-7CF76D07EC97}.Release|Any CPU.ActiveCfg = Release|Any CPU
		{BD42B877-403C-4C92-A997-7CF76D07EC97}.Release|Any CPU.Build.0 = Release|Any CPU
	EndGlobalSection
	GlobalSection(SolutionProperties) = preSolution
		HideSolutionNode = FALSE
	EndGlobalSection
	GlobalSection(TeamFoundationVersionControl) = preSolution
		SccNumberOfProjects = 2
		SccEnterpriseProvider = {4CA58AB2-18FA-4F8D-95D4-32DDF27D184C}
		SccTeamFoundationServer = https://cnm.visualstudio.com/defaultcollection
		SccLocalPath0 = .
		SccProjectUniqueName1 = AJAXDemo\\AJAXDemo.csproj
		SccProjectName1 = AJAXDemo
		SccLocalPath1 = AJAXDemo
	EndGlobalSection
EndGlobal
