
Microsoft Visual Studio Solution File, Format Version 12.00
# Visual Studio 14
VisualStudioVersion = 14.0.24720.0
MinimumVisualStudioVersion = 10.0.40219.1
Project("{FAE04EC0-301F-11D3-BF4B-00C04F79EFBC}") = "GalczakP7.CSharp", "GalczakP7.CSharp.csproj", "{6DCE3A33-14BA-7FFA-5F27-9BFA903D8862}"
EndProject
Global
	GlobalSection(SolutionConfigurationPlatforms) = preSolution
		Debug|Any CPU = Debug|Any CPU
		Release|Any CPU = Release|Any CPU
	EndGlobalSection
	GlobalSection(ProjectConfigurationPlatforms) = postSolution
		{6DCE3A33-14BA-7FFA-5F27-9BFA903D8862}.Debug|Any CPU.ActiveCfg = Debug|Any CPU
		{6DCE3A33-14BA-7FFA-5F27-9BFA903D8862}.Debug|Any CPU.Build.0 = Debug|Any CPU
		{6DCE3A33-14BA-7FFA-5F27-9BFA903D8862}.Release|Any CPU.ActiveCfg = Release|Any CPU
		{6DCE3A33-14BA-7FFA-5F27-9BFA903D8862}.Release|Any CPU.Build.0 = Release|Any CPU
	EndGlobalSection
	GlobalSection(SolutionProperties) = preSolution
		HideSolutionNode = FALSE
	EndGlobalSection
	GlobalSection(TeamFoundationVersionControl) = preSolution
		SccNumberOfProjects = 2
		SccEnterpriseProvider = {4CA58AB2-18FA-4F8D-95D4-32DDF27D184C}
		SccTeamFoundationServer = https://cnm.visualstudio.com/defaultcollection
		SccLocalPath0 = .
		SccProjectUniqueName1 = GalczakP7.CSharp.csproj
		SccLocalPath1 = .
	EndGlobalSection
EndGlobal
