
Microsoft Visual Studio Solution File, Format Version 12.00
# Visual Studio 14
VisualStudioVersion = 14.0.25420.1
MinimumVisualStudioVersion = 10.0.40219.1
Project("{FAE04EC0-301F-11D3-BF4B-00C04F79EFBC}") = "ClientDataDemo", "ClientDataDemo\ClientDataDemo.csproj", "{93035455-CEBA-4067-82DC-E47E05DE31A5}"
EndProject
Global
	GlobalSection(SolutionConfigurationPlatforms) = preSolution
		Debug|Any CPU = Debug|Any CPU
		Release|Any CPU = Release|Any CPU
	EndGlobalSection
	GlobalSection(ProjectConfigurationPlatforms) = postSolution
		{93035455-CEBA-4067-82DC-E47E05DE31A5}.Debug|Any CPU.ActiveCfg = Debug|Any CPU
		{93035455-CEBA-4067-82DC-E47E05DE31A5}.Debug|Any CPU.Build.0 = Debug|Any CPU
		{93035455-CEBA-4067-82DC-E47E05DE31A5}.Release|Any CPU.ActiveCfg = Release|Any CPU
		{93035455-CEBA-4067-82DC-E47E05DE31A5}.Release|Any CPU.Build.0 = Release|Any CPU
	EndGlobalSection
	GlobalSection(SolutionProperties) = preSolution
		HideSolutionNode = FALSE
	EndGlobalSection
	GlobalSection(TeamFoundationVersionControl) = preSolution
		SccNumberOfProjects = 2
		SccEnterpriseProvider = {4CA58AB2-18FA-4F8D-95D4-32DDF27D184C}
		SccTeamFoundationServer = https://cnm.visualstudio.com/defaultcollection
		SccLocalPath0 = .
		SccProjectUniqueName1 = ClientDataDemo\\ClientDataDemo.csproj
		SccProjectName1 = ClientDataDemo
		SccLocalPath1 = ClientDataDemo
	EndGlobalSection
EndGlobal
